
Microsoft Visual Studio Solution File, Format Version 12.00
# Visual Studio Version 17
VisualStudioVersion = 17.6.33829.357
MinimumVisualStudioVersion = 10.0.40219.1
Project("{FAE04EC0-301F-11D3-BF4B-00C04F79EFBC}") = "interview.api", "interview.api\interview.api.csproj", "{8DEA6736-EEC9-4177-9D08-B9244D3F0F8D}"
EndProject
Project("{FAE04EC0-301F-11D3-BF4B-00C04F79EFBC}") = "interview.domain", "interview.domain\interview.domain.csproj", "{501C2845-5BB0-40D6-9E29-01CFF2486041}"
EndProject
Project("{FAE04EC0-301F-11D3-BF4B-00C04F79EFBC}") = "interview.infra", "interview.infra\interview.infra.csproj", "{13E890A8-657C-4F94-99E6-65DAA4C2C366}"
EndProject
Global
	GlobalSection(SolutionConfigurationPlatforms) = preSolution
		Debug|Any CPU = Debug|Any CPU
		Release|Any CPU = Release|Any CPU
	EndGlobalSection
	GlobalSection(ProjectConfigurationPlatforms) = postSolution
		{8DEA6736-EEC9-4177-9D08-B9244D3F0F8D}.Debug|Any CPU.ActiveCfg = Debug|Any CPU
		{8DEA6736-EEC9-4177-9D08-B9244D3F0F8D}.Debug|Any CPU.Build.0 = Debug|Any CPU
		{8DEA6736-EEC9-4177-9D08-B9244D3F0F8D}.Release|Any CPU.ActiveCfg = Release|Any CPU
		{8DEA6736-EEC9-4177-9D08-B9244D3F0F8D}.Release|Any CPU.Build.0 = Release|Any CPU
		{501C2845-5BB0-40D6-9E29-01CFF2486041}.Debug|Any CPU.ActiveCfg = Debug|Any CPU
		{501C2845-5BB0-40D6-9E29-01CFF2486041}.Debug|Any CPU.Build.0 = Debug|Any CPU
		{501C2845-5BB0-40D6-9E29-01CFF2486041}.Release|Any CPU.ActiveCfg = Release|Any CPU
		{501C2845-5BB0-40D6-9E29-01CFF2486041}.Release|Any CPU.Build.0 = Release|Any CPU
		{13E890A8-657C-4F94-99E6-65DAA4C2C366}.Debug|Any CPU.ActiveCfg = Debug|Any CPU
		{13E890A8-657C-4F94-99E6-65DAA4C2C366}.Debug|Any CPU.Build.0 = Debug|Any CPU
		{13E890A8-657C-4F94-99E6-65DAA4C2C366}.Release|Any CPU.ActiveCfg = Release|Any CPU
		{13E890A8-657C-4F94-99E6-65DAA4C2C366}.Release|Any CPU.Build.0 = Release|Any CPU
	EndGlobalSection
	GlobalSection(SolutionProperties) = preSolution
		HideSolutionNode = FALSE
	EndGlobalSection
	GlobalSection(ExtensibilityGlobals) = postSolution
		SolutionGuid = {D329695B-A9B3-4A28-B0F5-836BA7C05369}
	EndGlobalSection
EndGlobal
